# This file is automatically @generated by Cargo.
# It is not intended for manual editing.
version = 4

[[package]]
name = "futures"
version = "0.3.31"
source = "registry+https://github.com/rust-lang/crates.io-index"
checksum = "65bc07b1a8bc7c85c5f2e110c476c7389b4554ba72af57d8445ea63a576b0876"
dependencies = [
 "futures-channel",
 "futures-core",
 "futures-executor",
 "futures-io",
 "futures-sink",
 "futures-task",
 "futures-util",
]

[[package]]
name = "futures-channel"
version = "0.3.34"
source = "registry+https://github.com/rust-lang/crates.io-index"
checksum = "b1f9e3d69d39e4862ffed03ed071a76f9a13ba1d9109d355b0f0aa6b15e393c4"
dependencies = [
 "futures-core",
 "futures-sink",
]

[[package]]
name = "futures-core"
version = "0.3.34"
source = "registry+https://github.com/rust-lang/crates.io-index"
checksum = "92d699e522242e69e3003b94ecc1f960f3a5e015aa7c5d7486e65ad01dd94f5e"

[[package]]
name = "futures-executor"
version = "0.3.34"
source = "registry+https://github.com/rust-lang/crates.io-index"
checksum = "031b47cf1a3c6cc8bc2fc76cd437f521619387907d469316e7c0bc278f1f5432"
dependencies = [
 "futures-core",
 "futures-task",
 "futures-util",
]

[[package]]
name = "futures-io"
version = "0.3.34"
source = "registry+https://github.com/rust-lang/crates.io-index"
checksum = "53c0fa8157de1303bfffdaa1cc2a673bfffb60102f76b0ef4441659124373fed"

[[package]]
name = "futures-sink"
version = "0.3.34"
source = "registry+https://github.com/rust-lang/crates.io-index"
checksum = "1944426bf7d03f1d14f708785e4b33efd750b36d48a157b836b3efc15ede8e1d"

[[package]]
name = "futures-task"
version = "0.3.34"
source = "registry+https://github.com/rust-lang/crates.io-index"
checksum = "cd417de3d1d015fc3bfd2b1ea46dfc7bab72ef86f1cc7cc9c78e728b34a6d1fd"

[[package]]
name = "futures-util"
version = "0.3.34"
source = "registry+https://github.com/rust-lang/crates.io-index"
checksum = "0d50a92467f8ba5dd6e3ee5d4bd04d73ab2e4e1c44474a0674821dfce14b79bc"
dependencies = [
 "futures-channel",
 "futures-core",
 "futures-io",
 "futures-sink",
 "futures-task",
 "memchr",
 "pin-project-lite",
 "slab",
]

[[package]]
name = "memchr"
version = "2.8.3"
source = "registry+https://github.com/rust-lang/crates.io-index"
checksum = "cf8baf1c55e62ffcace7a9f06f4bd9cd3f0c4beb022d3b367256b91b87513d98"

[[package]]
name = "pin-project-lite"
version = "0.2.17"
source = "registry+https://github.com/rust-lang/crates.io-index"
checksum = "a89322df9ebe1c1578d689c92318e070967d1042b512afbe49518723f4e6d5cd"

[[package]]
name = "rust-channel-balances"
version = "0.1.0"
dependencies = [
 "futures",
]

[[package]]
name = "slab"
version = "0.4.12"
source = "registry+https://github.com/rust-lang/crates.io-index"
checksum = "0c790de23124f9ab44544d7ac05d60440adc586479ce501c1d6d7da3cd8c9cf5"
